
Microsoft Visual Studio Solution File, Format Version 12.00
# Visual Studio Version 17
VisualStudioVersion = 17.14.36518.9 d17.14
MinimumVisualStudioVersion = 10.0.40219.1
Project("{FAE04EC0-301F-11D3-BF4B-00C04F79EFBC}") = "Project5Dorse", "Project5Dorse\Project5Dorse.csproj", "{EBFE3EE5-2A86-4B02-98B6-E0A056A2E9A8}"
EndProject
Global
	GlobalSection(SolutionConfigurationPlatforms) = preSolution
		Debug|Any CPU = Debug|Any CPU
		Release|Any CPU = Release|Any CPU
	EndGlobalSection
	GlobalSection(ProjectConfigurationPlatforms) = postSolution
		{EBFE3EE5-2A86-4B02-98B6-E0A056A2E9A8}.Debug|Any CPU.ActiveCfg = Debug|Any CPU
		{EBFE3EE5-2A86-4B02-98B6-E0A056A2E9A8}.Debug|Any CPU.Build.0 = Debug|Any CPU
		{EBFE3EE5-2A86-4B02-98B6-E0A056A2E9A8}.Release|Any CPU.ActiveCfg = Release|Any CPU
		{EBFE3EE5-2A86-4B02-98B6-E0A056A2E9A8}.Release|Any CPU.Build.0 = Release|Any CPU
	EndGlobalSection
	GlobalSection(SolutionProperties) = preSolution
		HideSolutionNode = FALSE
	EndGlobalSection
	GlobalSection(ExtensibilityGlobals) = postSolution
		SolutionGuid = {AE75A972-06B7-4B44-B5A7-BDF646FCC1A8}
	EndGlobalSection
EndGlobal
